{
  "lockfileVersion": 1,
  "configVersion": 0,
  "workspaces": {
    "": {
      "dependencies": {
        "@opencode-ai/plugin": "1.0.194",
      },
    },
  },
  "packages": {
    "@opencode-ai/plugin": ["@opencode-ai/plugin@1.0.194", "", { "dependencies": { "@opencode-ai/sdk": "1.0.194", "zod": "4.1.8" } }, "sha512-ESVTMiEIPAkDPinpkuM9NjFZTvf6hEf1YnTqaPGI9fXISDL3IApN/a9LjZskb0CjXJxd1T592Zgm5kIqwlMB1g=="],

    "@opencode-ai/sdk": ["@opencode-ai/sdk@1.0.194", "", {}, "sha512-pM3p+xli8shdPI5umE/aOrIpHjol2ej0j+23BlK29MqqyqgBRRHtjfLlFLXPESoeoBPMNMa4Nz+Vd3ejqoGM5g=="],

    "zod": ["zod@4.1.8", "", {}, "sha512-5R1P+WwQqmmMIEACyzSvo4JXHY5WiAFHRMg+zBZKgKS+Q1viRa0C1hmUKtHltoIFKtIdki3pRxkmpP74jnNYHQ=="],
  }
}
